// !$*UTF8*$!
{
	archiveVersion = 1;
	classes = {
	};
	objectVersion = 50;
	objects = {

/* Begin PBXBuildFile section */
		E7FA0472255E743800C71FC0 /* AppDelegate.swift in Sources */ = {isa = PBXBuildFile; fileRef = E7FA0471255E743800C71FC0 /* AppDelegate.swift */; };
		E7FA0474255E743800C71FC0 /* SceneDelegate.swift in Sources */ = {isa = PBXBuildFile; fileRef = E7FA0473255E743800C71FC0 /* SceneDelegate.swift */; };
		E7FA0476255E743800C71FC0 /* ViewController.swift in Sources */ = {isa = PBXBuildFile; fileRef = E7FA0475255E743800C71FC0 /* ViewController.swift */; };
		E7FA0479255E743800C71FC0 /* Main.storyboard in Resources */ = {isa = PBXBuildFile; fileRef = E7FA0477255E743800C71FC0 /* Main.storyboard */; };
		E7FA047B255E743D00C71FC0 /* Assets.xcassets in Resources */ = {isa = PBXBuildFile; fileRef = E7FA047A255E743D00C71FC0 /* Assets.xcassets */; };
		E7FA047E255E743D00C71FC0 /* LaunchScreen.storyboard in Resources */ = {isa = PBXBuildFile; fileRef = E7FA047C255E743D00C71FC0 /* LaunchScreen.storyboard */; };
		E7FA0489255E743D00C71FC0 /* GalleryTests.swift in Sources */ = {isa = PBXBuildFile; fileRef = E7FA0488255E743D00C71FC0 /* GalleryTests.swift */; };
		E7FA0494255E743D00C71FC0 /* GalleryUITests.swift in Sources */ = {isa = PBXBuildFile; fileRef = E7FA0493255E743D00C71FC0 /* GalleryUITests.swift */; };
/* End PBXBuildFile section */

/* Begin PBXContainerItemProxy section */
		E7FA0485255E743D00C71FC0 /* PBXContainerItemProxy */ = {
			isa = PBXContainerItemProxy;
			containerPortal = E7FA0466255E743800C71FC0 /* Project object */;
			proxyType = 1;
			remoteGlobalIDString = E7FA046D255E743800C71FC0;
			remoteInfo = Gallery;
		};
		E7FA0490255E743D00C71FC0 /* PBXContainerItemProxy */ = {
			isa = PBXContainerItemProxy;
			containerPortal = E7FA0466255E743800C71FC0 /* Project object */;
			proxyType = 1;
			remoteGlobalIDString = E7FA046D255E743800C71FC0;
			remoteInfo = Gallery;
		};
/* End PBXContainerItemProxy section */

/* Begin PBXFileReference section */
		E7FA046E255E743800C71FC0 /* Gallery.app */ = {isa = PBXFileReference; explicitFileType = wrapper.application; includeInIndex = 0; path = Gallery.app; sourceTree = BUILT_PRODUCTS_DIR; };
		E7FA0471255E743800C71FC0 /* AppDelegate.swift */ = {isa = PBXFileReference; lastKnownFileType = sourcecode.swift; path = AppDelegate.swift; sourceTree = "<group>"; };
		E7FA0473255E743800C71FC0 /* SceneDelegate.swift */ = {isa = PBXFileReference; lastKnownFileType = sourcecode.swift; path = SceneDelegate.swift; sourceTree = "<group>"; };
		E7FA0475255E743800C71FC0 /* ViewController.swift */ = {isa = PBXFileReference; lastKnownFileType = sourcecode.swift; path = ViewController.swift; sourceTree = "<group>"; };
		E7FA0478255E743800C71FC0 /* Base */ = {isa = PBXFileReference; lastKnownFileType = file.storyboard; name = Base; path = Base.lproj/Main.storyboard; sourceTree = "<group>"; };
		E7FA047A255E743D00C71FC0 /* Assets.xcassets */ = {isa = PBXFileReference; lastKnownFileType = folder.assetcatalog; path = Assets.xcassets; sourceTree = "<group>"; };
		E7FA047D255E743D00C71FC0 /* Base */ = {isa = PBXFileReference; lastKnownFileType = file.storyboard; name = Base; path = Base.lproj/LaunchScreen.storyboard; sourceTree = "<group>"; };
		E7FA047F255E743D00C71FC0 /* Info.plist */ = {isa = PBXFileReference; lastKnownFileType = text.plist.xml; path = Info.plist; sourceTree = "<group>"; };
		E7FA0484255E743D00C71FC0 /* GalleryTests.xctest */ = {isa = PBXFileReference; explicitFileType = wrapper.cfbundle; includeInIndex = 0; path = GalleryTests.xctest; sourceTree = BUILT_PRODUCTS_DIR; };
		E7FA0488255E743D00C71FC0 /* GalleryTests.swift */ = {isa = PBXFileReference; lastKnownFileType = sourcecode.swift; path = GalleryTests.swift; sourceTree = "<group>"; };
		E7FA048A255E743D00C71FC0 /* Info.plist */ = {isa = PBXFileReference; lastKnownFileType = text.plist.xml; path = Info.plist; sourceTree = "<group>"; };
		E7FA048F255E743D00C71FC0 /* GalleryUITests.xctest */ = {isa = PBXFileReference; explicitFileType = wrapper.cfbundle; includeInIndex = 0; path = GalleryUITests.xctest; sourceTree = BUILT_PRODUCTS_DIR; };
		E7FA0493255E743D00C71FC0 /* GalleryUITests.swift */ = {isa = PBXFileReference; lastKnownFileType = sourcecode.swift; path = GalleryUITests.swift; sourceTree = "<group>"; };
		E7FA0495255E743D00C71FC0 /* Info.plist */ = {isa = PBXFileReference; lastKnownFileType = text.plist.xml; path = Info.plist; sourceTree = "<group>"; };
/* End PBXFileReference section */

/* Begin PBXFrameworksBuildPhase section */
		E7FA046B255E743800C71FC0 /* Frameworks */ = {
			isa = PBXFrameworksBuildPhase;
			buildActionMask = 2147483647;
			files = (
			);
			runOnlyForDeploymentPostprocessing = 0;
		};
		E7FA0481255E743D00C71FC0 /* Frameworks */ = {
			isa = PBXFrameworksBuildPhase;
			buildActionMask = 2147483647;
			files = (
			);
			runOnlyForDeploymentPostprocessing = 0;
		};
		E7FA048C255E743D00C71FC0 /* Frameworks */ = {
			isa = PBXFrameworksBuildPhase;
			buildActionMask = 2147483647;
			files = (
			);
			runOnlyForDeploymentPostprocessing = 0;
		};
/* End PBXFrameworksBuildPhase section */

/* Begin PBXGroup section */
		E7FA0465255E743800C71FC0 = {
			isa = PBXGroup;
			children = (
				E7FA0470255E743800C71FC0 /* Gallery */,
				E7FA0487255E743D00C71FC0 /* GalleryTests */,
				E7FA0492255E743D00C71FC0 /* GalleryUITests */,
				E7FA046F255E743800C71FC0 /* Products */,
			);
			sourceTree = "<group>";
		};
		E7FA046F255E743800C71FC0 /* Products */ = {
			isa = PBXGroup;
			children = (
				E7FA046E255E743800C71FC0 /* Gallery.app */,
				E7FA0484255E743D00C71FC0 /* GalleryTests.xctest */,
				E7FA048F255E743D00C71FC0 /* GalleryUITests.xctest */,
			);
			name = Products;
			sourceTree = "<group>";
		};
		E7FA0470255E743800C71FC0 /* Gallery */ = {
			isa = PBXGroup;
			children = (
				E7FA0471255E743800C71FC0 /* AppDelegate.swift */,
				E7FA0473255E743800C71FC0 /* SceneDelegate.swift */,
				E7FA0475255E743800C71FC0 /* ViewController.swift */,
				E7FA0477255E743800C71FC0 /* Main.storyboard */,
				E7FA047A255E743D00C71FC0 /* Assets.xcassets */,
				E7FA047C255E743D00C71FC0 /* LaunchScreen.storyboard */,
				E7FA047F255E743D00C71FC0 /* Info.plist */,
			);
			path = Gallery;
			sourceTree = "<group>";
		};
		E7FA0487255E743D00C71FC0 /* GalleryTests */ = {
			isa = PBXGroup;
			children = (
				E7FA0488255E743D00C71FC0 /* GalleryTests.swift */,
				E7FA048A255E743D00C71FC0 /* Info.plist */,
			);
			path = GalleryTests;
			sourceTree = "<group>";
		};
		E7FA0492255E743D00C71FC0 /* GalleryUITests */ = {
			isa = PBXGroup;
			children = (
				E7FA0493255E743D00C71FC0 /* GalleryUITests.swift */,
				E7FA0495255E743D00C71FC0 /* Info.plist */,
			);
			path = GalleryUITests;
			sourceTree = "<group>";
		};
/* End PBXGroup section */

/* Begin PBXNativeTarget section */
		E7FA046D255E743800C71FC0 /* Gallery */ = {
			isa = PBXNativeTarget;
			buildConfigurationList = E7FA0498255E743D00C71FC0 /* Build configuration list for PBXNativeTarget "Gallery" */;
			buildPhases = (
				E7FA046A255E743800C71FC0 /* Sources */,
				E7FA046B255E743800C71FC0 /* Frameworks */,
				E7FA046C255E743800C71FC0 /* Resources */,
			);
			buildRules = (
			);
			dependencies = (
			);
			name = Gallery;
			productName = Gallery;
			productReference = E7FA046E255E743800C71FC0 /* Gallery.app */;
			productType = "com.apple.product-type.application";
		};
		E7FA0483255E743D00C71FC0 /* GalleryTests */ = {
			isa = PBXNativeTarget;
			buildConfigurationList = E7FA049B255E743D00C71FC0 /* Build configuration list for PBXNativeTarget "GalleryTests" */;
			buildPhases = (
				E7FA0480255E743D00C71FC0 /* Sources */,
				E7FA0481255E743D00C71FC0 /* Frameworks */,
				E7FA0482255E743D00C71FC0 /* Resources */,
			);
			buildRules = (
			);
			dependencies = (
				E7FA0486255E743D00C71FC0 /* PBXTargetDependency */,
			);
			name = GalleryTests;
			productName = GalleryTests;
			productReference = E7FA0484255E743D00C71FC0 /* GalleryTests.xctest */;
			productType = "com.apple.product-type.bundle.unit-test";
		};
		E7FA048E255E743D00C71FC0 /* GalleryUITests */ = {
			isa = PBXNativeTarget;
			buildConfigurationList = E7FA049E255E743D00C71FC0 /* Build configuration list for PBXNativeTarget "GalleryUITests" */;
			buildPhases = (
				E7FA048B255E743D00C71FC0 /* Sources */,
				E7FA048C255E743D00C71FC0 /* Frameworks */,
				E7FA048D255E743D00C71FC0 /* Resources */,
			);
			buildRules = (
			);
			dependencies = (
				E7FA0491255E743D00C71FC0 /* PBXTargetDependency */,
			);
			name = GalleryUITests;
			productName = GalleryUITests;
			productReference = E7FA048F255E743D00C71FC0 /* GalleryUITests.xctest */;
			productType = "com.apple.product-type.bundle.ui-testing";
		};
/* End PBXNativeTarget section */

/* Begin PBXProject section */
		E7FA0466255E743800C71FC0 /* Project object */ = {
			isa = PBXProject;
			attributes = {
				LastSwiftUpdateCheck = 1160;
				LastUpgradeCheck = 1160;
				ORGANIZATIONNAME = Vladimir;
				TargetAttributes = {
					E7FA046D255E743800C71FC0 = {
						CreatedOnToolsVersion = 11.6;
					};
					E7FA0483255E743D00C71FC0 = {
						CreatedOnToolsVersion = 11.6;
						TestTargetID = E7FA046D255E743800C71FC0;
					};
					E7FA048E255E743D00C71FC0 = {
						CreatedOnToolsVersion = 11.6;
						TestTargetID = E7FA046D255E743800C71FC0;
					};
				};
			};
			buildConfigurationList = E7FA0469255E743800C71FC0 /* Build configuration list for PBXProject "Gallery" */;
			compatibilityVersion = "Xcode 9.3";
			developmentRegion = en;
			hasScannedForEncodings = 0;
			knownRegions = (
				en,
				Base,
			);
			mainGroup = E7FA0465255E743800C71FC0;
			productRefGroup = E7FA046F255E743800C71FC0 /* Products */;
			projectDirPath = "";
			projectRoot = "";
			targets = (
				E7FA046D255E743800C71FC0 /* Gallery */,
				E7FA0483255E743D00C71FC0 /* GalleryTests */,
				E7FA048E255E743D00C71FC0 /* GalleryUITests */,
			);
		};
/* End PBXProject section */

/* Begin PBXResourcesBuildPhase section */
		E7FA046C255E743800C71FC0 /* Resources */ = {
			isa = PBXResourcesBuildPhase;
			buildActionMask = 2147483647;
			files = (
				E7FA047E255E743D00C71FC0 /* LaunchScreen.storyboard in Resources */,
				E7FA047B255E743D00C71FC0 /* Assets.xcassets in Resources */,
				E7FA0479255E743800C71FC0 /* Main.storyboard in Resources */,
			);
			runOnlyForDeploymentPostprocessing = 0;
		};
		E7FA0482255E743D00C71FC0 /* Resources */ = {
			isa = PBXResourcesBuildPhase;
			buildActionMask = 2147483647;
			files = (
			);
			runOnlyForDeploymentPostprocessing = 0;
		};
		E7FA048D255E743D00C71FC0 /* Resources */ = {
			isa = PBXResourcesBuildPhase;
			buildActionMask = 2147483647;
			files = (
			);
			runOnlyForDeploymentPostprocessing = 0;
		};
/* End PBXResourcesBuildPhase section */

/* Begin PBXSourcesBuildPhase section */
		E7FA046A255E743800C71FC0 /* Sources */ = {
			isa = PBXSourcesBuildPhase;
			buildActionMask = 2147483647;
			files = (
				E7FA0476255E743800C71FC0 /* ViewController.swift in Sources */,
				E7FA0472255E743800C71FC0 /* AppDelegate.swift in Sources */,
				E7FA0474255E743800C71FC0 /* SceneDelegate.swift in Sources */,
			);
			runOnlyForDeploymentPostprocessing = 0;
		};
		E7FA0480255E743D00C71FC0 /* Sources */ = {
			isa = PBXSourcesBuildPhase;
			buildActionMask = 2147483647;
			files = (
				E7FA0489255E743D00C71FC0 /* GalleryTests.swift in Sources */,
			);
			runOnlyForDeploymentPostprocessing = 0;
		};
		E7FA048B255E743D00C71FC0 /* Sources */ = {
			isa = PBXSourcesBuildPhase;
			buildActionMask = 2147483647;
			files = (
				E7FA0494255E743D00C71FC0 /* GalleryUITests.swift in Sources */,
			);
			runOnlyForDeploymentPostprocessing = 0;
		};
/* End PBXSourcesBuildPhase section */

/* Begin PBXTargetDependency section */
		E7FA0486255E743D00C71FC0 /* PBXTargetDependency */ = {
			isa = PBXTargetDependency;
			target = E7FA046D255E743800C71FC0 /* Gallery */;
			targetProxy = E7FA0485255E743D00C71FC0 /* PBXContainerItemProxy */;
		};
		E7FA0491255E743D00C71FC0 /* PBXTargetDependency */ = {
			isa = PBXTargetDependency;
			target = E7FA046D255E743800C71FC0 /* Gallery */;
			targetProxy = E7FA0490255E743D00C71FC0 /* PBXContainerItemProxy */;
		};
/* End PBXTargetDependency section */

/* Begin PBXVariantGroup section */
		E7FA0477255E743800C71FC0 /* Main.storyboard */ = {
			isa = PBXVariantGroup;
			children = (
				E7FA0478255E743800C71FC0 /* Base */,
			);
			name = Main.storyboard;
			sourceTree = "<group>";
		};
		E7FA047C255E743D00C71FC0 /* LaunchScreen.storyboard */ = {
			isa = PBXVariantGroup;
			children = (
				E7FA047D255E743D00C71FC0 /* Base */,
			);
			name = LaunchScreen.storyboard;
			sourceTree = "<group>";
		};
/* End PBXVariantGroup section */

/* Begin XCBuildConfiguration section */
		E7FA0496255E743D00C71FC0 /* Debug */ = {
			isa = XCBuildConfiguration;
			buildSettings = {
				ALWAYS_SEARCH_USER_PATHS = NO;
				CLANG_ANALYZER_NONNULL = YES;
				CLANG_ANALYZER_NUMBER_OBJECT_CONVERSION = YES_AGGRESSIVE;
				CLANG_CXX_LANGUAGE_STANDARD = "gnu++14";
				CLANG_CXX_LIBRARY = "libc++";
				CLANG_ENABLE_MODULES = YES;
				CLANG_ENABLE_OBJC_ARC = YES;
				CLANG_ENABLE_OBJC_WEAK = YES;
				CLANG_WARN_BLOCK_CAPTURE_AUTORELEASING = YES;
				CLANG_WARN_BOOL_CONVERSION = YES;
				CLANG_WARN_COMMA = YES;
				CLANG_WARN_CONSTANT_CONVERSION = YES;
				CLANG_WARN_DEPRECATED_OBJC_IMPLEMENTATIONS = YES;
				CLANG_WARN_DIRECT_OBJC_ISA_USAGE = YES_ERROR;
				CLANG_WARN_DOCUMENTATION_COMMENTS = YES;
				CLANG_WARN_EMPTY_BODY = YES;
				CLANG_WARN_ENUM_CONVERSION = YES;
				CLANG_WARN_INFINITE_RECURSION = YES;
				CLANG_WARN_INT_CONVERSION = YES;
				CLANG_WARN_NON_LITERAL_NULL_CONVERSION = YES;
				CLANG_WARN_OBJC_IMPLICIT_RETAIN_SELF = YES;
				CLANG_WARN_OBJC_LITERAL_CONVERSION = YES;
				CLANG_WARN_OBJC_ROOT_CLASS = YES_ERROR;
				CLANG_WARN_RANGE_LOOP_ANALYSIS = YES;
				CLANG_WARN_STRICT_PROTOTYPES = YES;
				CLANG_WARN_SUSPICIOUS_MOVE = YES;
				CLANG_WARN_UNGUARDED_AVAILABILITY = YES_AGGRESSIVE;
				CLANG_WARN_UNREACHABLE_CODE = YES;
				CLANG_WARN__DUPLICATE_METHOD_MATCH = YES;
				COPY_PHASE_STRIP = NO;
				DEBUG_INFORMATION_FORMAT = dwarf;
				ENABLE_STRICT_OBJC_MSGSEND = YES;
				ENABLE_TESTABILITY = YES;
				GCC_C_LANGUAGE_STANDARD = gnu11;
				GCC_DYNAMIC_NO_PIC = NO;
				GCC_NO_COMMON_BLOCKS = YES;
				GCC_OPTIMIZATION_LEVEL = 0;
				GCC_PREPROCESSOR_DEFINITIONS = (
					"DEBUG=1",
					"$(inherited)",
				);
				GCC_WARN_64_TO_32_BIT_CONVERSION = YES;
				GCC_WARN_ABOUT_RETURN_TYPE = YES_ERROR;
				GCC_WARN_UNDECLARED_SELECTOR = YES;
				GCC_WARN_UNINITIALIZED_AUTOS = YES_AGGRESSIVE;
				GCC_WARN_UNUSED_FUNCTION = YES;
				GCC_WARN_UNUSED_VARIABLE = YES;
				IPHONEOS_DEPLOYMENT_TARGET = 13.6;
				MTL_ENABLE_DEBUG_INFO = INCLUDE_SOURCE;
				MTL_FAST_MATH = YES;
				ONLY_ACTIVE_ARCH = YES;
				SDKROOT = iphoneos;
				SWIFT_ACTIVE_COMPILATION_CONDITIONS = DEBUG;
				SWIFT_OPTIMIZATION_LEVEL = "-Onone";
			};
			name = Debug;
		};
		E7FA0497255E743D00C71FC0 /* Release */ = {
			isa = XCBuildConfiguration;
			buildSettings = {
				ALWAYS_SEARCH_USER_PATHS = NO;
				CLANG_ANALYZER_NONNULL = YES;
				CLANG_ANALYZER_NUMBER_OBJECT_CONVERSION = YES_AGGRESSIVE;
				CLANG_CXX_LANGUAGE_STANDARD = "gnu++14";
				CLANG_CXX_LIBRARY = "libc++";
				CLANG_ENABLE_MODULES = YES;
				CLANG_ENABLE_OBJC_ARC = YES;
				CLANG_ENABLE_OBJC_WEAK = YES;
				CLANG_WARN_BLOCK_CAPTURE_AUTORELEASING = YES;
				CLANG_WARN_BOOL_CONVERSION = YES;
				CLANG_WARN_COMMA = YES;
				CLANG_WARN_CONSTANT_CONVERSION = YES;
				CLANG_WARN_DEPRECATED_OBJC_IMPLEMENTATIONS = YES;
				CLANG_WARN_DIRECT_OBJC_ISA_USAGE = YES_ERROR;
				CLANG_WARN_DOCUMENTATION_COMMENTS = YES;
				CLANG_WARN_EMPTY_BODY = YES;
				CLANG_WARN_ENUM_CONVERSION = YES;
				CLANG_WARN_INFINITE_RECURSION = YES;
				CLANG_WARN_INT_CONVERSION = YES;
				CLANG_WARN_NON_LITERAL_NULL_CONVERSION = YES;
				CLANG_WARN_OBJC_IMPLICIT_RETAIN_SELF = YES;
				CLANG_WARN_OBJC_LITERAL_CONVERSION = YES;
				CLANG_WARN_OBJC_ROOT_CLASS = YES_ERROR;
				CLANG_WARN_RANGE_LOOP_ANALYSIS = YES;
				CLANG_WARN_STRICT_PROTOTYPES = YES;
				CLANG_WARN_SUSPICIOUS_MOVE = YES;
				CLANG_WARN_UNGUARDED_AVAILABILITY = YES_AGGRESSIVE;
				CLANG_WARN_UNREACHABLE_CODE = YES;
				CLANG_WARN__DUPLICATE_METHOD_MATCH = YES;
				COPY_PHASE_STRIP = NO;
				DEBUG_INFORMATION_FORMAT = "dwarf-with-dsym";
				ENABLE_NS_ASSERTIONS = NO;
				ENABLE_STRICT_OBJC_MSGSEND = YES;
				GCC_C_LANGUAGE_STANDARD = gnu11;
				GCC_NO_COMMON_BLOCKS = YES;
				GCC_WARN_64_TO_32_BIT_CONVERSION = YES;
				GCC_WARN_ABOUT_RETURN_TYPE = YES_ERROR;
				GCC_WARN_UNDECLARED_SELECTOR = YES;
				GCC_WARN_UNINITIALIZED_AUTOS = YES_AGGRESSIVE;
				GCC_WARN_UNUSED_FUNCTION = YES;
				GCC_WARN_UNUSED_VARIABLE = YES;
				IPHONEOS_DEPLOYMENT_TARGET = 13.6;
				MTL_ENABLE_DEBUG_INFO = NO;
				MTL_FAST_MATH = YES;
				SDKROOT = iphoneos;
				SWIFT_COMPILATION_MODE = wholemodule;
				SWIFT_OPTIMIZATION_LEVEL = "-O";
				VALIDATE_PRODUCT = YES;
			};
			name = Release;
		};
		E7FA0499255E743D00C71FC0 /* Debug */ = {
			isa = XCBuildConfiguration;
			buildSettings = {
				ASSETCATALOG_COMPILER_APPICON_NAME = AppIcon;
				CODE_SIGN_STYLE = Automatic;
				DEVELOPMENT_TEAM = Z53JTKZSMK;
				INFOPLIST_FILE = Gallery/Info.plist;
				LD_RUNPATH_SEARCH_PATHS = (
					"$(inherited)",
					"@executable_path/Frameworks",
				);
				PRODUCT_BUNDLE_IDENTIFIER = Vladimir.Gallery;
				PRODUCT_NAME = "$(TARGET_NAME)";
				SWIFT_VERSION = 5.0;
				TARGETED_DEVICE_FAMILY = "1,2";
			};
			name = Debug;
		};
		E7FA049A255E743D00C71FC0 /* Release */ = {
			isa = XCBuildConfiguration;
			buildSettings = {
				ASSETCATALOG_COMPILER_APPICON_NAME = AppIcon;
				CODE_SIGN_STYLE = Automatic;
				DEVELOPMENT_TEAM = Z53JTKZSMK;
				INFOPLIST_FILE = Gallery/Info.plist;
				LD_RUNPATH_SEARCH_PATHS = (
					"$(inherited)",
					"@executable_path/Frameworks",
				);
				PRODUCT_BUNDLE_IDENTIFIER = Vladimir.Gallery;
				PRODUCT_NAME = "$(TARGET_NAME)";
				SWIFT_VERSION = 5.0;
				TARGETED_DEVICE_FAMILY = "1,2";
			};
			name = Release;
		};
		E7FA049C255E743D00C71FC0 /* Debug */ = {
			isa = XCBuildConfiguration;
			buildSettings = {
				ALWAYS_EMBED_SWIFT_STANDARD_LIBRARIES = YES;
				BUNDLE_LOADER = "$(TEST_HOST)";
				CODE_SIGN_STYLE = Automatic;
				DEVELOPMENT_TEAM = Z53JTKZSMK;
				INFOPLIST_FILE = GalleryTests/Info.plist;
				IPHONEOS_DEPLOYMENT_TARGET = 13.6;
				LD_RUNPATH_SEARCH_PATHS = (
					"$(inherited)",
					"@executable_path/Frameworks",
					"@loader_path/Frameworks",
				);
				PRODUCT_BUNDLE_IDENTIFIER = Vladimir.GalleryTests;
				PRODUCT_NAME = "$(TARGET_NAME)";
				SWIFT_VERSION = 5.0;
				TARGETED_DEVICE_FAMILY = "1,2";
				TEST_HOST = "$(BUILT_PRODUCTS_DIR)/Gallery.app/Gallery";
			};
			name = Debug;
		};
		E7FA049D255E743D00C71FC0 /* Release */ = {
			isa = XCBuildConfiguration;
			buildSettings = {
				ALWAYS_EMBED_SWIFT_STANDARD_LIBRARIES = YES;
				BUNDLE_LOADER = "$(TEST_HOST)";
				CODE_SIGN_STYLE = Automatic;
				DEVELOPMENT_TEAM = Z53JTKZSMK;
				INFOPLIST_FILE = GalleryTests/Info.plist;
				IPHONEOS_DEPLOYMENT_TARGET = 13.6;
				LD_RUNPATH_SEARCH_PATHS = (
					"$(inherited)",
					"@executable_path/Frameworks",
					"@loader_path/Frameworks",
				);
				PRODUCT_BUNDLE_IDENTIFIER = Vladimir.GalleryTests;
				PRODUCT_NAME = "$(TARGET_NAME)";
				SWIFT_VERSION = 5.0;
				TARGETED_DEVICE_FAMILY = "1,2";
				TEST_HOST = "$(BUILT_PRODUCTS_DIR)/Gallery.app/Gallery";
			};
			name = Release;
		};
		E7FA049F255E743D00C71FC0 /* Debug */ = {
			isa = XCBuildConfiguration;
			buildSettings = {
				ALWAYS_EMBED_SWIFT_STANDARD_LIBRARIES = YES;
				CODE_SIGN_STYLE = Automatic;
				DEVELOPMENT_TEAM = Z53JTKZSMK;
				INFOPLIST_FILE = GalleryUITests/Info.plist;
				LD_RUNPATH_SEARCH_PATHS = (
					"$(inherited)",
					"@executable_path/Frameworks",
					"@loader_path/Frameworks",
				);
				PRODUCT_BUNDLE_IDENTIFIER = Vladimir.GalleryUITests;
				PRODUCT_NAME = "$(TARGET_NAME)";
				SWIFT_VERSION = 5.0;
				TARGETED_DEVICE_FAMILY = "1,2";
				TEST_TARGET_NAME = Gallery;
			};
			name = Debug;
		};
		E7FA04A0255E743D00C71FC0 /* Release */ = {
			isa = XCBuildConfiguration;
			buildSettings = {
				ALWAYS_EMBED_SWIFT_STANDARD_LIBRARIES = YES;
				CODE_SIGN_STYLE = Automatic;
				DEVELOPMENT_TEAM = Z53JTKZSMK;
				INFOPLIST_FILE = GalleryUITests/Info.plist;
				LD_RUNPATH_SEARCH_PATHS = (
					"$(inherited)",
					"@executable_path/Frameworks",
					"@loader_path/Frameworks",
				);
				PRODUCT_BUNDLE_IDENTIFIER = Vladimir.GalleryUITests;
				PRODUCT_NAME = "$(TARGET_NAME)";
				SWIFT_VERSION = 5.0;
				TARGETED_DEVICE_FAMILY = "1,2";
				TEST_TARGET_NAME = Gallery;
			};
			name = Release;
		};
/* End XCBuildConfiguration section */

/* Begin XCConfigurationList section */
		E7FA0469255E743800C71FC0 /* Build configuration list for PBXProject "Gallery" */ = {
			isa = XCConfigurationList;
			buildConfigurations = (
				E7FA0496255E743D00C71FC0 /* Debug */,
				E7FA0497255E743D00C71FC0 /* Release */,
			);
			defaultConfigurationIsVisible = 0;
			defaultConfigurationName = Release;
		};
		E7FA0498255E743D00C71FC0 /* Build configuration list for PBXNativeTarget "Gallery" */ = {
			isa = XCConfigurationList;
			buildConfigurations = (
				E7FA0499255E743D00C71FC0 /* Debug */,
				E7FA049A255E743D00C71FC0 /* Release */,
			);
			defaultConfigurationIsVisible = 0;
			defaultConfigurationName = Release;
		};
		E7FA049B255E743D00C71FC0 /* Build configuration list for PBXNativeTarget "GalleryTests" */ = {
			isa = XCConfigurationList;
			buildConfigurations = (
				E7FA049C255E743D00C71FC0 /* Debug */,
				E7FA049D255E743D00C71FC0 /* Release */,
			);
			defaultConfigurationIsVisible = 0;
			defaultConfigurationName = Release;
		};
		E7FA049E255E743D00C71FC0 /* Build configuration list for PBXNativeTarget "GalleryUITests" */ = {
			isa = XCConfigurationList;
			buildConfigurations = (
				E7FA049F255E743D00C71FC0 /* Debug */,
				E7FA04A0255E743D00C71FC0 /* Release */,
			);
			defaultConfigurationIsVisible = 0;
			defaultConfigurationName = Release;
		};
/* End XCConfigurationList section */
	};
	rootObject = E7FA0466255E743800C71FC0 /* Project object */;
}
